
Microsoft Visual Studio Solution File, Format Version 12.00
# Visual Studio Version 17
VisualStudioVersion = 17.10.35122.118
MinimumVisualStudioVersion = 10.0.40219.1
Project("{9A19103F-16F7-4668-BE54-9A1E7A4F7556}") = "Cosmos.Application", "Cosmos.Application\Cosmos.Application.csproj", "{40B69659-4A51-471C-B461-75DCAE2E6005}"
EndProject
Project("{9A19103F-16F7-4668-BE54-9A1E7A4F7556}") = "Cosmos.Core", "Cosmos.Core\Cosmos.Core.csproj", "{5DFB718F-8766-449B-A3FB-CD50E181D8DF}"
EndProject
Project("{9A19103F-16F7-4668-BE54-9A1E7A4F7556}") = "Cosmos.Infrastructure", "Cosmos.Infrastructure\Cosmos.Infrastructure.csproj", "{07B95E45-6C11-4510-9804-2E0FD298BEC2}"
EndProject
Project("{9A19103F-16F7-4668-BE54-9A1E7A4F7556}") = "WebApi", "WebApi\WebApi.csproj", "{57761B7D-BFF0-403D-B0D9-0459A5485C2F}"
EndProject
Global
	GlobalSection(SolutionConfigurationPlatforms) = preSolution
		Debug|Any CPU = Debug|Any CPU
		Release|Any CPU = Release|Any CPU
	EndGlobalSection
	GlobalSection(ProjectConfigurationPlatforms) = postSolution
		{40B69659-4A51-471C-B461-75DCAE2E6005}.Debug|Any CPU.ActiveCfg = Debug|Any CPU
		{40B69659-4A51-471C-B461-75DCAE2E6005}.Debug|Any CPU.Build.0 = Debug|Any CPU
		{40B69659-4A51-471C-B461-75DCAE2E6005}.Release|Any CPU.ActiveCfg = Release|Any CPU
		{40B69659-4A51-471C-B461-75DCAE2E6005}.Release|Any CPU.Build.0 = Release|Any CPU
		{5DFB718F-8766-449B-A3FB-CD50E181D8DF}.Debug|Any CPU.ActiveCfg = Debug|Any CPU
		{5DFB718F-8766-449B-A3FB-CD50E181D8DF}.Debug|Any CPU.Build.0 = Debug|Any CPU
		{5DFB718F-8766-449B-A3FB-CD50E181D8DF}.Release|Any CPU.ActiveCfg = Release|Any CPU
		{5DFB718F-8766-449B-A3FB-CD50E181D8DF}.Release|Any CPU.Build.0 = Release|Any CPU
		{07B95E45-6C11-4510-9804-2E0FD298BEC2}.Debug|Any CPU.ActiveCfg = Debug|Any CPU
		{07B95E45-6C11-4510-9804-2E0FD298BEC2}.Debug|Any CPU.Build.0 = Debug|Any CPU
		{07B95E45-6C11-4510-9804-2E0FD298BEC2}.Release|Any CPU.ActiveCfg = Release|Any CPU
		{07B95E45-6C11-4510-9804-2E0FD298BEC2}.Release|Any CPU.Build.0 = Release|Any CPU
		{57761B7D-BFF0-403D-B0D9-0459A5485C2F}.Debug|Any CPU.ActiveCfg = Debug|Any CPU
		{57761B7D-BFF0-403D-B0D9-0459A5485C2F}.Debug|Any CPU.Build.0 = Debug|Any CPU
		{57761B7D-BFF0-403D-B0D9-0459A5485C2F}.Release|Any CPU.ActiveCfg = Release|Any CPU
		{57761B7D-BFF0-403D-B0D9-0459A5485C2F}.Release|Any CPU.Build.0 = Release|Any CPU
	EndGlobalSection
	GlobalSection(SolutionProperties) = preSolution
		HideSolutionNode = FALSE
	EndGlobalSection
	GlobalSection(ExtensibilityGlobals) = postSolution
		SolutionGuid = {3582AD37-B2A4-47F2-B511-CD0AA6C41692}
	EndGlobalSection
EndGlobal
